// !$*UTF8*$!
{
	archiveVersion = 1;
	classes = {
	};
	objectVersion = 46;
	objects = {

/* Begin PBXBuildFile section */
		C539A78D1BF1F56A00B9E3ED /* iconContact.png in Resources */ = {isa = PBXBuildFile; fileRef = C539A7881BF1F56A00B9E3ED /* iconContact.png */; };
		C539A78E1BF1F56A00B9E3ED /* iconHoraires.png in Resources */ = {isa = PBXBuildFile; fileRef = C539A7891BF1F56A00B9E3ED /* iconHoraires.png */; };
		C539A78F1BF1F56A00B9E3ED /* iconMeteo.png in Resources */ = {isa = PBXBuildFile; fileRef = C539A78A1BF1F56A00B9E3ED /* iconMeteo.png */; };
		C539A7901BF1F56A00B9E3ED /* iconStats.png in Resources */ = {isa = PBXBuildFile; fileRef = C539A78B1BF1F56A00B9E3ED /* iconStats.png */; };
		C539A7911BF1F56A00B9E3ED /* iconTroc.png in Resources */ = {isa = PBXBuildFile; fileRef = C539A78C1BF1F56A00B9E3ED /* iconTroc.png */; };
		C547AE6D1BDD60E800A0E4A8 /* libOAuth2Client.a in Frameworks */ = {isa = PBXBuildFile; fileRef = C5AEBCC91BDD605900223811 /* libOAuth2Client.a */; };
		C54F8AC21BD94D5A00CE7B3A /* main.m in Sources */ = {isa = PBXBuildFile; fileRef = C54F8AC11BD94D5A00CE7B3A /* main.m */; };
		C54F8AC51BD94D5A00CE7B3A /* AppDelegate.m in Sources */ = {isa = PBXBuildFile; fileRef = C54F8AC41BD94D5A00CE7B3A /* AppDelegate.m */; };
		C54F8AC81BD94D5A00CE7B3A /* ViewController.m in Sources */ = {isa = PBXBuildFile; fileRef = C54F8AC71BD94D5A00CE7B3A /* ViewController.m */; };
		C54F8ACB1BD94D5A00CE7B3A /* Main.storyboard in Resources */ = {isa = PBXBuildFile; fileRef = C54F8AC91BD94D5A00CE7B3A /* Main.storyboard */; };
		C54F8ACD1BD94D5A00CE7B3A /* Images.xcassets in Resources */ = {isa = PBXBuildFile; fileRef = C54F8ACC1BD94D5A00CE7B3A /* Images.xcassets */; };
		C54F8AD01BD94D5A00CE7B3A /* LaunchScreen.xib in Resources */ = {isa = PBXBuildFile; fileRef = C54F8ACE1BD94D5A00CE7B3A /* LaunchScreen.xib */; };
		C54F8ADC1BD94D5A00CE7B3A /* PistusAppTests.m in Sources */ = {isa = PBXBuildFile; fileRef = C54F8ADB1BD94D5A00CE7B3A /* PistusAppTests.m */; };
		C570B8391C2B440F003E0E16 /* libsqlite3.dylib in Frameworks */ = {isa = PBXBuildFile; fileRef = C570B8381C2B440F003E0E16 /* libsqlite3.dylib */; };
		C570B83D1C2B44C5003E0E16 /* DBManager.m in Sources */ = {isa = PBXBuildFile; fileRef = C570B83C1C2B44C5003E0E16 /* DBManager.m */; };
		C570B8511C2DF46F003E0E16 /* CarteViewController.m in Sources */ = {isa = PBXBuildFile; fileRef = C570B8501C2DF46F003E0E16 /* CarteViewController.m */; };
		C570B8531C2DF703003E0E16 /* Plan Val d'Allos Official corrigé.jpg in Resources */ = {isa = PBXBuildFile; fileRef = C570B8521C2DF703003E0E16 /* Plan Val d'Allos Official corrigé.jpg */; };
		C570B8561C2EBE50003E0E16 /* GeolocalisationManager.m in Sources */ = {isa = PBXBuildFile; fileRef = C570B8551C2EBE50003E0E16 /* GeolocalisationManager.m */; };
		C570B8661C2ED85C003E0E16 /* satelliteon.png in Resources */ = {isa = PBXBuildFile; fileRef = C570B8651C2ED85C003E0E16 /* satelliteon.png */; };
		C570B8681C2EDC23003E0E16 /* satelliteoff.png in Resources */ = {isa = PBXBuildFile; fileRef = C570B8671C2EDC23003E0E16 /* satelliteoff.png */; };
		C570B86C1C30999B003E0E16 /* CoreLocation.framework in Frameworks */ = {isa = PBXBuildFile; fileRef = C570B86B1C30999B003E0E16 /* CoreLocation.framework */; };
		C5C05E791BEFF6FC007D763E /* accueil_5.jpg in Resources */ = {isa = PBXBuildFile; fileRef = C5C05E6F1BEFF6FC007D763E /* accueil_5.jpg */; };
		C5C05E7A1BEFF6FC007D763E /* accueil_6.jpg in Resources */ = {isa = PBXBuildFile; fileRef = C5C05E701BEFF6FC007D763E /* accueil_6.jpg */; };
		C5C05E7B1BEFF6FC007D763E /* accueil_6Plus.jpg in Resources */ = {isa = PBXBuildFile; fileRef = C5C05E711BEFF6FC007D763E /* accueil_6Plus.jpg */; };
		C5C05E7C1BEFF6FC007D763E /* iconConcours.png in Resources */ = {isa = PBXBuildFile; fileRef = C5C05E721BEFF6FC007D763E /* iconConcours.png */; };
		C5C05E7E1BEFF6FC007D763E /* iconInfo.png in Resources */ = {isa = PBXBuildFile; fileRef = C5C05E741BEFF6FC007D763E /* iconInfo.png */; };
		C5C05E7F1BEFF6FC007D763E /* iconMap.png in Resources */ = {isa = PBXBuildFile; fileRef = C5C05E751BEFF6FC007D763E /* iconMap.png */; };
		C5C05E881BEFF7A0007D763E /* connexion.png in Resources */ = {isa = PBXBuildFile; fileRef = C5C05E831BEFF7A0007D763E /* connexion.png */; };
		C5C05E891BEFF7A0007D763E /* Login-568h@2x~iphone.png in Resources */ = {isa = PBXBuildFile; fileRef = C5C05E841BEFF7A0007D763E /* Login-568h@2x~iphone.png */; };
		C5C05E8A1BEFF7A0007D763E /* Login-667h@2x~iphone.png in Resources */ = {isa = PBXBuildFile; fileRef = C5C05E851BEFF7A0007D763E /* Login-667h@2x~iphone.png */; };
		C5C05E8B1BEFF7A0007D763E /* Login-736h@3x~iphone.png in Resources */ = {isa = PBXBuildFile; fileRef = C5C05E861BEFF7A0007D763E /* Login-736h@3x~iphone.png */; };
		C5C05E8C1BEFF7A0007D763E /* Login@2x~iphone.png in Resources */ = {isa = PBXBuildFile; fileRef = C5C05E871BEFF7A0007D763E /* Login@2x~iphone.png */; };
		C5C05E8E1BEFFBA5007D763E /* accueil_4.jpg in Resources */ = {isa = PBXBuildFile; fileRef = C5C05E8D1BEFFBA5007D763E /* accueil_4.jpg */; };
		C5F3488F1BE8FB98003B94C6 /* MainViewController.m in Sources */ = {isa = PBXBuildFile; fileRef = C5F3488E1BE8FB98003B94C6 /* MainViewController.m */; };
/* End PBXBuildFile section */

/* Begin PBXContainerItemProxy section */
		C547AE6B1BDD60C700A0E4A8 /* PBXContainerItemProxy */ = {
			isa = PBXContainerItemProxy;
			containerPortal = C5AEBCC01BDD605900223811 /* OAuth2Client.xcodeproj */;
			proxyType = 1;
			remoteGlobalIDString = D2AAC07D0554694100DB518D;
			remoteInfo = OAuth2Client;
		};
		C547AE6E1BDD63A700A0E4A8 /* PBXContainerItemProxy */ = {
			isa = PBXContainerItemProxy;
			containerPortal = C5AEBCC01BDD605900223811 /* OAuth2Client.xcodeproj */;
			proxyType = 1;
			remoteGlobalIDString = 942FFCD512315E0A00E6C65E;
			remoteInfo = OAuth2Client.framework;
		};
		C54F8AD61BD94D5A00CE7B3A /* PBXContainerItemProxy */ = {
			isa = PBXContainerItemProxy;
			containerPortal = C54F8AB41BD94D5A00CE7B3A /* Project object */;
			proxyType = 1;
			remoteGlobalIDString = C54F8ABB1BD94D5A00CE7B3A;
			remoteInfo = PistusApp;
		};
		C5AEBCC61BDD605900223811 /* PBXContainerItemProxy */ = {
			isa = PBXContainerItemProxy;
			containerPortal = C5AEBCC01BDD605900223811 /* OAuth2Client.xcodeproj */;
			proxyType = 2;
			remoteGlobalIDString = 942FFCD612315E0A00E6C65E;
			remoteInfo = OAuth2Client.framework;
		};
		C5AEBCC81BDD605900223811 /* PBXContainerItemProxy */ = {
			isa = PBXContainerItemProxy;
			containerPortal = C5AEBCC01BDD605900223811 /* OAuth2Client.xcodeproj */;
			proxyType = 2;
			remoteGlobalIDString = D2AAC07E0554694100DB518D;
			remoteInfo = OAuth2Client;
		};
		C5AEBCCA1BDD605900223811 /* PBXContainerItemProxy */ = {
			isa = PBXContainerItemProxy;
			containerPortal = C5AEBCC01BDD605900223811 /* OAuth2Client.xcodeproj */;
			proxyType = 2;
			remoteGlobalIDString = 94B6CE6619C1D0A200AA859B;
			remoteInfo = OAuth2ClientTests;
		};
/* End PBXContainerItemProxy section */

/* Begin PBXFileReference section */
		C539A7881BF1F56A00B9E3ED /* iconContact.png */ = {isa = PBXFileReference; lastKnownFileType = image.png; path = iconContact.png; sourceTree = "<group>"; };
		C539A7891BF1F56A00B9E3ED /* iconHoraires.png */ = {isa = PBXFileReference; lastKnownFileType = image.png; path = iconHoraires.png; sourceTree = "<group>"; };
		C539A78A1BF1F56A00B9E3ED /* iconMeteo.png */ = {isa = PBXFileReference; lastKnownFileType = image.png; path = iconMeteo.png; sourceTree = "<group>"; };
		C539A78B1BF1F56A00B9E3ED /* iconStats.png */ = {isa = PBXFileReference; lastKnownFileType = image.png; path = iconStats.png; sourceTree = "<group>"; };
		C539A78C1BF1F56A00B9E3ED /* iconTroc.png */ = {isa = PBXFileReference; lastKnownFileType = image.png; path = iconTroc.png; sourceTree = "<group>"; };
		C54F8ABC1BD94D5A00CE7B3A /* PistusApp.app */ = {isa = PBXFileReference; explicitFileType = wrapper.application; includeInIndex = 0; path = PistusApp.app; sourceTree = BUILT_PRODUCTS_DIR; };
		C54F8AC01BD94D5A00CE7B3A /* Info.plist */ = {isa = PBXFileReference; lastKnownFileType = text.plist.xml; path = Info.plist; sourceTree = "<group>"; };
		C54F8AC11BD94D5A00CE7B3A /* main.m */ = {isa = PBXFileReference; lastKnownFileType = sourcecode.c.objc; path = main.m; sourceTree = "<group>"; };
		C54F8AC31BD94D5A00CE7B3A /* AppDelegate.h */ = {isa = PBXFileReference; lastKnownFileType = sourcecode.c.h; path = AppDelegate.h; sourceTree = "<group>"; };
		C54F8AC41BD94D5A00CE7B3A /* AppDelegate.m */ = {isa = PBXFileReference; lastKnownFileType = sourcecode.c.objc; path = AppDelegate.m; sourceTree = "<group>"; };
		C54F8AC61BD94D5A00CE7B3A /* ViewController.h */ = {isa = PBXFileReference; lastKnownFileType = sourcecode.c.h; path = ViewController.h; sourceTree = "<group>"; };
		C54F8AC71BD94D5A00CE7B3A /* ViewController.m */ = {isa = PBXFileReference; lastKnownFileType = sourcecode.c.objc; path = ViewController.m; sourceTree = "<group>"; };
		C54F8ACA1BD94D5A00CE7B3A /* Base */ = {isa = PBXFileReference; lastKnownFileType = file.storyboard; name = Base; path = Base.lproj/Main.storyboard; sourceTree = "<group>"; };
		C54F8ACC1BD94D5A00CE7B3A /* Images.xcassets */ = {isa = PBXFileReference; lastKnownFileType = folder.assetcatalog; path = Images.xcassets; sourceTree = "<group>"; };
		C54F8ACF1BD94D5A00CE7B3A /* Base */ = {isa = PBXFileReference; lastKnownFileType = file.xib; name = Base; path = Base.lproj/LaunchScreen.xib; sourceTree = "<group>"; };
		C54F8AD51BD94D5A00CE7B3A /* PistusAppTests.xctest */ = {isa = PBXFileReference; explicitFileType = wrapper.cfbundle; includeInIndex = 0; path = PistusAppTests.xctest; sourceTree = BUILT_PRODUCTS_DIR; };
		C54F8ADA1BD94D5A00CE7B3A /* Info.plist */ = {isa = PBXFileReference; lastKnownFileType = text.plist.xml; path = Info.plist; sourceTree = "<group>"; };
		C54F8ADB1BD94D5A00CE7B3A /* PistusAppTests.m */ = {isa = PBXFileReference; lastKnownFileType = sourcecode.c.objc; path = PistusAppTests.m; sourceTree = "<group>"; };
		C570B8381C2B440F003E0E16 /* libsqlite3.dylib */ = {isa = PBXFileReference; lastKnownFileType = "compiled.mach-o.dylib"; name = libsqlite3.dylib; path = usr/lib/libsqlite3.dylib; sourceTree = SDKROOT; };
		C570B83B1C2B44C5003E0E16 /* DBManager.h */ = {isa = PBXFileReference; fileEncoding = 4; lastKnownFileType = sourcecode.c.h; path = DBManager.h; sourceTree = "<group>"; };
		C570B83C1C2B44C5003E0E16 /* DBManager.m */ = {isa = PBXFileReference; fileEncoding = 4; lastKnownFileType = sourcecode.c.objc; path = DBManager.m; sourceTree = "<group>"; };
		C570B84F1C2DF46F003E0E16 /* CarteViewController.h */ = {isa = PBXFileReference; fileEncoding = 4; lastKnownFileType = sourcecode.c.h; path = CarteViewController.h; sourceTree = "<group>"; };
		C570B8501C2DF46F003E0E16 /* CarteViewController.m */ = {isa = PBXFileReference; fileEncoding = 4; lastKnownFileType = sourcecode.c.objc; path = CarteViewController.m; sourceTree = "<group>"; };
		C570B8521C2DF703003E0E16 /* Plan Val d'Allos Official corrigé.jpg */ = {isa = PBXFileReference; lastKnownFileType = image.jpeg; path = "Plan Val d'Allos Official corrigé.jpg"; sourceTree = "<group>"; };
		C570B8541C2EBE50003E0E16 /* GeolocalisationManager.h */ = {isa = PBXFileReference; fileEncoding = 4; lastKnownFileType = sourcecode.c.h; name = GeolocalisationManager.h; path = PistusApp/GeolocalisationManager.h; sourceTree = "<group>"; };
		C570B8551C2EBE50003E0E16 /* GeolocalisationManager.m */ = {isa = PBXFileReference; fileEncoding = 4; lastKnownFileType = sourcecode.c.objc; name = GeolocalisationManager.m; path = PistusApp/GeolocalisationManager.m; sourceTree = "<group>"; };
		C570B8651C2ED85C003E0E16 /* satelliteon.png */ = {isa = PBXFileReference; lastKnownFileType = image.png; path = satelliteon.png; sourceTree = "<group>"; };
		C570B8671C2EDC23003E0E16 /* satelliteoff.png */ = {isa = PBXFileReference; lastKnownFileType = image.png; path = satelliteoff.png; sourceTree = "<group>"; };
		C570B86B1C30999B003E0E16 /* CoreLocation.framework */ = {isa = PBXFileReference; lastKnownFileType = wrapper.framework; name = CoreLocation.framework; path = System/Library/Frameworks/CoreLocation.framework; sourceTree = SDKROOT; };
		C5AEBCC01BDD605900223811 /* OAuth2Client.xcodeproj */ = {isa = PBXFileReference; lastKnownFileType = "wrapper.pb-project"; name = OAuth2Client.xcodeproj; path = ../OAuth2Client/OAuth2Client.xcodeproj; sourceTree = "<group>"; };
		C5C05E6F1BEFF6FC007D763E /* accueil_5.jpg */ = {isa = PBXFileReference; lastKnownFileType = image.jpeg; path = accueil_5.jpg; sourceTree = "<group>"; };
		C5C05E701BEFF6FC007D763E /* accueil_6.jpg */ = {isa = PBXFileReference; lastKnownFileType = image.jpeg; path = accueil_6.jpg; sourceTree = "<group>"; };
		C5C05E711BEFF6FC007D763E /* accueil_6Plus.jpg */ = {isa = PBXFileReference; lastKnownFileType = image.jpeg; path = accueil_6Plus.jpg; sourceTree = "<group>"; };
		C5C05E721BEFF6FC007D763E /* iconConcours.png */ = {isa = PBXFileReference; lastKnownFileType = image.png; path = iconConcours.png; sourceTree = "<group>"; };
		C5C05E741BEFF6FC007D763E /* iconInfo.png */ = {isa = PBXFileReference; lastKnownFileType = image.png; path = iconInfo.png; sourceTree = "<group>"; };
		C5C05E751BEFF6FC007D763E /* iconMap.png */ = {isa = PBXFileReference; lastKnownFileType = image.png; path = iconMap.png; sourceTree = "<group>"; };
		C5C05E831BEFF7A0007D763E /* connexion.png */ = {isa = PBXFileReference; lastKnownFileType = image.png; path = connexion.png; sourceTree = "<group>"; };
		C5C05E841BEFF7A0007D763E /* Login-568h@2x~iphone.png */ = {isa = PBXFileReference; lastKnownFileType = image.png; path = "Login-568h@2x~iphone.png"; sourceTree = "<group>"; };
		C5C05E851BEFF7A0007D763E /* Login-667h@2x~iphone.png */ = {isa = PBXFileReference; lastKnownFileType = image.png; path = "Login-667h@2x~iphone.png"; sourceTree = "<group>"; };
		C5C05E861BEFF7A0007D763E /* Login-736h@3x~iphone.png */ = {isa = PBXFileReference; lastKnownFileType = image.png; path = "Login-736h@3x~iphone.png"; sourceTree = "<group>"; };
		C5C05E871BEFF7A0007D763E /* Login@2x~iphone.png */ = {isa = PBXFileReference; lastKnownFileType = image.png; path = "Login@2x~iphone.png"; sourceTree = "<group>"; };
		C5C05E8D1BEFFBA5007D763E /* accueil_4.jpg */ = {isa = PBXFileReference; lastKnownFileType = image.jpeg; path = accueil_4.jpg; sourceTree = "<group>"; };
		C5F3488D1BE8FB98003B94C6 /* MainViewController.h */ = {isa = PBXFileReference; fileEncoding = 4; lastKnownFileType = sourcecode.c.h; path = MainViewController.h; sourceTree = "<group>"; };
		C5F3488E1BE8FB98003B94C6 /* MainViewController.m */ = {isa = PBXFileReference; fileEncoding = 4; lastKnownFileType = sourcecode.c.objc; path = MainViewController.m; sourceTree = "<group>"; };
/* End PBXFileReference section */

/* Begin PBXFrameworksBuildPhase section */
		C54F8AB91BD94D5A00CE7B3A /* Frameworks */ = {
			isa = PBXFrameworksBuildPhase;
			buildActionMask = 2147483647;
			files = (
				C570B86C1C30999B003E0E16 /* CoreLocation.framework in Frameworks */,
				C570B8391C2B440F003E0E16 /* libsqlite3.dylib in Frameworks */,
				C547AE6D1BDD60E800A0E4A8 /* libOAuth2Client.a in Frameworks */,
			);
			runOnlyForDeploymentPostprocessing = 0;
		};
		C54F8AD21BD94D5A00CE7B3A /* Frameworks */ = {
			isa = PBXFrameworksBuildPhase;
			buildActionMask = 2147483647;
			files = (
			);
			runOnlyForDeploymentPostprocessing = 0;
		};
/* End PBXFrameworksBuildPhase section */

/* Begin PBXGroup section */
		C54F8AB31BD94D5A00CE7B3A = {
			isa = PBXGroup;
			children = (
				C570B86B1C30999B003E0E16 /* CoreLocation.framework */,
				C570B83B1C2B44C5003E0E16 /* DBManager.h */,
				C570B83C1C2B44C5003E0E16 /* DBManager.m */,
				C570B8541C2EBE50003E0E16 /* GeolocalisationManager.h */,
				C570B8551C2EBE50003E0E16 /* GeolocalisationManager.m */,
				C570B8381C2B440F003E0E16 /* libsqlite3.dylib */,
				C5AEBCC01BDD605900223811 /* OAuth2Client.xcodeproj */,
				C54F8B1D1BD97E1800CE7B3A /* Ressources */,
				C54F8ABE1BD94D5A00CE7B3A /* PistusApp */,
				C54F8AD81BD94D5A00CE7B3A /* PistusAppTests */,
				C54F8ABD1BD94D5A00CE7B3A /* Products */,
			);
			sourceTree = "<group>";
		};
		C54F8ABD1BD94D5A00CE7B3A /* Products */ = {
			isa = PBXGroup;
			children = (
				C54F8ABC1BD94D5A00CE7B3A /* PistusApp.app */,
				C54F8AD51BD94D5A00CE7B3A /* PistusAppTests.xctest */,
			);
			name = Products;
			sourceTree = "<group>";
		};
		C54F8ABE1BD94D5A00CE7B3A /* PistusApp */ = {
			isa = PBXGroup;
			children = (
				C54F8AC31BD94D5A00CE7B3A /* AppDelegate.h */,
				C54F8AC41BD94D5A00CE7B3A /* AppDelegate.m */,
				C54F8AC61BD94D5A00CE7B3A /* ViewController.h */,
				C54F8AC71BD94D5A00CE7B3A /* ViewController.m */,
				C5F3488D1BE8FB98003B94C6 /* MainViewController.h */,
				C5F3488E1BE8FB98003B94C6 /* MainViewController.m */,
				C570B84F1C2DF46F003E0E16 /* CarteViewController.h */,
				C570B8501C2DF46F003E0E16 /* CarteViewController.m */,
				C54F8AC91BD94D5A00CE7B3A /* Main.storyboard */,
				C54F8ACC1BD94D5A00CE7B3A /* Images.xcassets */,
				C54F8ACE1BD94D5A00CE7B3A /* LaunchScreen.xib */,
				C54F8ABF1BD94D5A00CE7B3A /* Supporting Files */,
			);
			path = PistusApp;
			sourceTree = "<group>";
		};
		C54F8ABF1BD94D5A00CE7B3A /* Supporting Files */ = {
			isa = PBXGroup;
			children = (
				C54F8AC01BD94D5A00CE7B3A /* Info.plist */,
				C54F8AC11BD94D5A00CE7B3A /* main.m */,
			);
			name = "Supporting Files";
			sourceTree = "<group>";
		};
		C54F8AD81BD94D5A00CE7B3A /* PistusAppTests */ = {
			isa = PBXGroup;
			children = (
				C54F8ADB1BD94D5A00CE7B3A /* PistusAppTests.m */,
				C54F8AD91BD94D5A00CE7B3A /* Supporting Files */,
			);
			path = PistusAppTests;
			sourceTree = "<group>";
		};
		C54F8AD91BD94D5A00CE7B3A /* Supporting Files */ = {
			isa = PBXGroup;
			children = (
				C54F8ADA1BD94D5A00CE7B3A /* Info.plist */,
			);
			name = "Supporting Files";
			sourceTree = "<group>";
		};
		C54F8B1D1BD97E1800CE7B3A /* Ressources */ = {
			isa = PBXGroup;
			children = (
				C570B8671C2EDC23003E0E16 /* satelliteoff.png */,
				C570B8651C2ED85C003E0E16 /* satelliteon.png */,
				C570B8521C2DF703003E0E16 /* Plan Val d'Allos Official corrigé.jpg */,
				C5C05E831BEFF7A0007D763E /* connexion.png */,
				C5C05E841BEFF7A0007D763E /* Login-568h@2x~iphone.png */,
				C5C05E851BEFF7A0007D763E /* Login-667h@2x~iphone.png */,
				C5C05E861BEFF7A0007D763E /* Login-736h@3x~iphone.png */,
				C5C05E871BEFF7A0007D763E /* Login@2x~iphone.png */,
				C5C05E8D1BEFFBA5007D763E /* accueil_4.jpg */,
				C5C05E6F1BEFF6FC007D763E /* accueil_5.jpg */,
				C5C05E701BEFF6FC007D763E /* accueil_6.jpg */,
				C5C05E711BEFF6FC007D763E /* accueil_6Plus.jpg */,
				C5C05E721BEFF6FC007D763E /* iconConcours.png */,
				C5C05E741BEFF6FC007D763E /* iconInfo.png */,
				C5C05E751BEFF6FC007D763E /* iconMap.png */,
				C539A7881BF1F56A00B9E3ED /* iconContact.png */,
				C539A7891BF1F56A00B9E3ED /* iconHoraires.png */,
				C539A78A1BF1F56A00B9E3ED /* iconMeteo.png */,
				C539A78B1BF1F56A00B9E3ED /* iconStats.png */,
				C539A78C1BF1F56A00B9E3ED /* iconTroc.png */,
			);
			name = Ressources;
			sourceTree = "<group>";
		};
		C5AEBCC11BDD605900223811 /* Products */ = {
			isa = PBXGroup;
			children = (
				C5AEBCC71BDD605900223811 /* OAuth2Client.framework */,
				C5AEBCC91BDD605900223811 /* libOAuth2Client.a */,
				C5AEBCCB1BDD605900223811 /* OAuth2ClientTests.xctest */,
			);
			name = Products;
			sourceTree = "<group>";
		};
/* End PBXGroup section */

/* Begin PBXNativeTarget section */
		C54F8ABB1BD94D5A00CE7B3A /* PistusApp */ = {
			isa = PBXNativeTarget;
			buildConfigurationList = C54F8ADF1BD94D5A00CE7B3A /* Build configuration list for PBXNativeTarget "PistusApp" */;
			buildPhases = (
				C54F8AB81BD94D5A00CE7B3A /* Sources */,
				C54F8AB91BD94D5A00CE7B3A /* Frameworks */,
				C54F8ABA1BD94D5A00CE7B3A /* Resources */,
			);
			buildRules = (
			);
			dependencies = (
				C547AE6F1BDD63A700A0E4A8 /* PBXTargetDependency */,
				C547AE6C1BDD60C700A0E4A8 /* PBXTargetDependency */,
			);
			name = PistusApp;
			productName = PistusApp;
			productReference = C54F8ABC1BD94D5A00CE7B3A /* PistusApp.app */;
			productType = "com.apple.product-type.application";
		};
		C54F8AD41BD94D5A00CE7B3A /* PistusAppTests */ = {
			isa = PBXNativeTarget;
			buildConfigurationList = C54F8AE21BD94D5A00CE7B3A /* Build configuration list for PBXNativeTarget "PistusAppTests" */;
			buildPhases = (
				C54F8AD11BD94D5A00CE7B3A /* Sources */,
				C54F8AD21BD94D5A00CE7B3A /* Frameworks */,
				C54F8AD31BD94D5A00CE7B3A /* Resources */,
			);
			buildRules = (
			);
			dependencies = (
				C54F8AD71BD94D5A00CE7B3A /* PBXTargetDependency */,
			);
			name = PistusAppTests;
			productName = PistusAppTests;
			productReference = C54F8AD51BD94D5A00CE7B3A /* PistusAppTests.xctest */;
			productType = "com.apple.product-type.bundle.unit-test";
		};
/* End PBXNativeTarget section */

/* Begin PBXProject section */
		C54F8AB41BD94D5A00CE7B3A /* Project object */ = {
			isa = PBXProject;
			attributes = {
				LastUpgradeCheck = 0640;
				ORGANIZATIONNAME = Lucie;
				TargetAttributes = {
					C54F8ABB1BD94D5A00CE7B3A = {
						CreatedOnToolsVersion = 6.4;
					};
					C54F8AD41BD94D5A00CE7B3A = {
						CreatedOnToolsVersion = 6.4;
						TestTargetID = C54F8ABB1BD94D5A00CE7B3A;
					};
				};
			};
			buildConfigurationList = C54F8AB71BD94D5A00CE7B3A /* Build configuration list for PBXProject "PistusApp" */;
			compatibilityVersion = "Xcode 3.2";
			developmentRegion = English;
			hasScannedForEncodings = 0;
			knownRegions = (
				en,
				Base,
			);
			mainGroup = C54F8AB31BD94D5A00CE7B3A;
			productRefGroup = C54F8ABD1BD94D5A00CE7B3A /* Products */;
			projectDirPath = "";
			projectReferences = (
				{
					ProductGroup = C5AEBCC11BDD605900223811 /* Products */;
					ProjectRef = C5AEBCC01BDD605900223811 /* OAuth2Client.xcodeproj */;
				},
			);
			projectRoot = "";
			targets = (
				C54F8ABB1BD94D5A00CE7B3A /* PistusApp */,
				C54F8AD41BD94D5A00CE7B3A /* PistusAppTests */,
			);
		};
/* End PBXProject section */

/* Begin PBXReferenceProxy section */
		C5AEBCC71BDD605900223811 /* OAuth2Client.framework */ = {
			isa = PBXReferenceProxy;
			fileType = wrapper.framework;
			path = OAuth2Client.framework;
			remoteRef = C5AEBCC61BDD605900223811 /* PBXContainerItemProxy */;
			sourceTree = BUILT_PRODUCTS_DIR;
		};
		C5AEBCC91BDD605900223811 /* libOAuth2Client.a */ = {
			isa = PBXReferenceProxy;
			fileType = archive.ar;
			path = libOAuth2Client.a;
			remoteRef = C5AEBCC81BDD605900223811 /* PBXContainerItemProxy */;
			sourceTree = BUILT_PRODUCTS_DIR;
		};
		C5AEBCCB1BDD605900223811 /* OAuth2ClientTests.xctest */ = {
			isa = PBXReferenceProxy;
			fileType = wrapper.cfbundle;
			path = OAuth2ClientTests.xctest;
			remoteRef = C5AEBCCA1BDD605900223811 /* PBXContainerItemProxy */;
			sourceTree = BUILT_PRODUCTS_DIR;
		};
/* End PBXReferenceProxy section */

/* Begin PBXResourcesBuildPhase section */
		C54F8ABA1BD94D5A00CE7B3A /* Resources */ = {
			isa = PBXResourcesBuildPhase;
			buildActionMask = 2147483647;
			files = (
				C5C05E891BEFF7A0007D763E /* Login-568h@2x~iphone.png in Resources */,
				C570B8531C2DF703003E0E16 /* Plan Val d'Allos Official corrigé.jpg in Resources */,
				C54F8ACB1BD94D5A00CE7B3A /* Main.storyboard in Resources */,
				C5C05E7B1BEFF6FC007D763E /* accueil_6Plus.jpg in Resources */,
				C570B8661C2ED85C003E0E16 /* satelliteon.png in Resources */,
				C5C05E8B1BEFF7A0007D763E /* Login-736h@3x~iphone.png in Resources */,
				C539A7911BF1F56A00B9E3ED /* iconTroc.png in Resources */,
				C5C05E7F1BEFF6FC007D763E /* iconMap.png in Resources */,
				C5C05E7E1BEFF6FC007D763E /* iconInfo.png in Resources */,
				C5C05E8E1BEFFBA5007D763E /* accueil_4.jpg in Resources */,
				C539A78D1BF1F56A00B9E3ED /* iconContact.png in Resources */,
				C5C05E8A1BEFF7A0007D763E /* Login-667h@2x~iphone.png in Resources */,
				C539A78F1BF1F56A00B9E3ED /* iconMeteo.png in Resources */,
				C54F8AD01BD94D5A00CE7B3A /* LaunchScreen.xib in Resources */,
				C539A78E1BF1F56A00B9E3ED /* iconHoraires.png in Resources */,
				C539A7901BF1F56A00B9E3ED /* iconStats.png in Resources */,
				C570B8681C2EDC23003E0E16 /* satelliteoff.png in Resources */,
				C5C05E791BEFF6FC007D763E /* accueil_5.jpg in Resources */,
				C5C05E7C1BEFF6FC007D763E /* iconConcours.png in Resources */,
				C5C05E881BEFF7A0007D763E /* connexion.png in Resources */,
				C5C05E8C1BEFF7A0007D763E /* Login@2x~iphone.png in Resources */,
				C54F8ACD1BD94D5A00CE7B3A /* Images.xcassets in Resources */,
				C5C05E7A1BEFF6FC007D763E /* accueil_6.jpg in Resources */,
			);
			runOnlyForDeploymentPostprocessing = 0;
		};
		C54F8AD31BD94D5A00CE7B3A /* Resources */ = {
			isa = PBXResourcesBuildPhase;
			buildActionMask = 2147483647;
			files = (
			);
			runOnlyForDeploymentPostprocessing = 0;
		};
/* End PBXResourcesBuildPhase section */

/* Begin PBXSourcesBuildPhase section */
		C54F8AB81BD94D5A00CE7B3A /* Sources */ = {
			isa = PBXSourcesBuildPhase;
			buildActionMask = 2147483647;
			files = (
				C54F8AC81BD94D5A00CE7B3A /* ViewController.m in Sources */,
				C570B8561C2EBE50003E0E16 /* GeolocalisationManager.m in Sources */,
				C54F8AC51BD94D5A00CE7B3A /* AppDelegate.m in Sources */,
				C570B8511C2DF46F003E0E16 /* CarteViewController.m in Sources */,
				C54F8AC21BD94D5A00CE7B3A /* main.m in Sources */,
				C5F3488F1BE8FB98003B94C6 /* MainViewController.m in Sources */,
				C570B83D1C2B44C5003E0E16 /* DBManager.m in Sources */,
			);
			runOnlyForDeploymentPostprocessing = 0;
		};
		C54F8AD11BD94D5A00CE7B3A /* Sources */ = {
			isa = PBXSourcesBuildPhase;
			buildActionMask = 2147483647;
			files = (
				C54F8ADC1BD94D5A00CE7B3A /* PistusAppTests.m in Sources */,
			);
			runOnlyForDeploymentPostprocessing = 0;
		};
/* End PBXSourcesBuildPhase section */

/* Begin PBXTargetDependency section */
		C547AE6C1BDD60C700A0E4A8 /* PBXTargetDependency */ = {
			isa = PBXTargetDependency;
			name = OAuth2Client;
			targetProxy = C547AE6B1BDD60C700A0E4A8 /* PBXContainerItemProxy */;
		};
		C547AE6F1BDD63A700A0E4A8 /* PBXTargetDependency */ = {
			isa = PBXTargetDependency;
			name = OAuth2Client.framework;
			targetProxy = C547AE6E1BDD63A700A0E4A8 /* PBXContainerItemProxy */;
		};
		C54F8AD71BD94D5A00CE7B3A /* PBXTargetDependency */ = {
			isa = PBXTargetDependency;
			target = C54F8ABB1BD94D5A00CE7B3A /* PistusApp */;
			targetProxy = C54F8AD61BD94D5A00CE7B3A /* PBXContainerItemProxy */;
		};
/* End PBXTargetDependency section */

/* Begin PBXVariantGroup section */
		C54F8AC91BD94D5A00CE7B3A /* Main.storyboard */ = {
			isa = PBXVariantGroup;
			children = (
				C54F8ACA1BD94D5A00CE7B3A /* Base */,
			);
			name = Main.storyboard;
			sourceTree = "<group>";
		};
		C54F8ACE1BD94D5A00CE7B3A /* LaunchScreen.xib */ = {
			isa = PBXVariantGroup;
			children = (
				C54F8ACF1BD94D5A00CE7B3A /* Base */,
			);
			name = LaunchScreen.xib;
			sourceTree = "<group>";
		};
/* End PBXVariantGroup section */

/* Begin XCBuildConfiguration section */
		C54F8ADD1BD94D5A00CE7B3A /* Debug */ = {
			isa = XCBuildConfiguration;
			buildSettings = {
				ALWAYS_SEARCH_USER_PATHS = NO;
				CLANG_CXX_LANGUAGE_STANDARD = "gnu++0x";
				CLANG_CXX_LIBRARY = "libc++";
				CLANG_ENABLE_MODULES = YES;
				CLANG_ENABLE_OBJC_ARC = YES;
				CLANG_WARN_BOOL_CONVERSION = YES;
				CLANG_WARN_CONSTANT_CONVERSION = YES;
				CLANG_WARN_DIRECT_OBJC_ISA_USAGE = YES_ERROR;
				CLANG_WARN_EMPTY_BODY = YES;
				CLANG_WARN_ENUM_CONVERSION = YES;
				CLANG_WARN_INT_CONVERSION = YES;
				CLANG_WARN_OBJC_ROOT_CLASS = YES_ERROR;
				CLANG_WARN_UNREACHABLE_CODE = YES;
				CLANG_WARN__DUPLICATE_METHOD_MATCH = YES;
				"CODE_SIGN_IDENTITY[sdk=iphoneos*]" = "iPhone Developer";
				COPY_PHASE_STRIP = NO;
				DEBUG_INFORMATION_FORMAT = "dwarf-with-dsym";
				ENABLE_STRICT_OBJC_MSGSEND = YES;
				GCC_C_LANGUAGE_STANDARD = gnu99;
				GCC_DYNAMIC_NO_PIC = NO;
				GCC_NO_COMMON_BLOCKS = YES;
				GCC_OPTIMIZATION_LEVEL = 0;
				GCC_PREPROCESSOR_DEFINITIONS = (
					"DEBUG=1",
					"$(inherited)",
				);
				GCC_SYMBOLS_PRIVATE_EXTERN = NO;
				GCC_WARN_64_TO_32_BIT_CONVERSION = YES;
				GCC_WARN_ABOUT_RETURN_TYPE = YES_ERROR;
				GCC_WARN_UNDECLARED_SELECTOR = YES;
				GCC_WARN_UNINITIALIZED_AUTOS = YES_AGGRESSIVE;
				GCC_WARN_UNUSED_FUNCTION = YES;
				GCC_WARN_UNUSED_VARIABLE = YES;
				IPHONEOS_DEPLOYMENT_TARGET = 8.4;
				MTL_ENABLE_DEBUG_INFO = YES;
				ONLY_ACTIVE_ARCH = YES;
				SDKROOT = iphoneos;
			};
			name = Debug;
		};
		C54F8ADE1BD94D5A00CE7B3A /* Release */ = {
			isa = XCBuildConfiguration;
			buildSettings = {
				ALWAYS_SEARCH_USER_PATHS = NO;
				CLANG_CXX_LANGUAGE_STANDARD = "gnu++0x";
				CLANG_CXX_LIBRARY = "libc++";
				CLANG_ENABLE_MODULES = YES;
				CLANG_ENABLE_OBJC_ARC = YES;
				CLANG_WARN_BOOL_CONVERSION = YES;
				CLANG_WARN_CONSTANT_CONVERSION = YES;
				CLANG_WARN_DIRECT_OBJC_ISA_USAGE = YES_ERROR;
				CLANG_WARN_EMPTY_BODY = YES;
				CLANG_WARN_ENUM_CONVERSION = YES;
				CLANG_WARN_INT_CONVERSION = YES;
				CLANG_WARN_OBJC_ROOT_CLASS = YES_ERROR;
				CLANG_WARN_UNREACHABLE_CODE = YES;
				CLANG_WARN__DUPLICATE_METHOD_MATCH = YES;
				"CODE_SIGN_IDENTITY[sdk=iphoneos*]" = "iPhone Developer";
				COPY_PHASE_STRIP = NO;
				DEBUG_INFORMATION_FORMAT = "dwarf-with-dsym";
				ENABLE_NS_ASSERTIONS = NO;
				ENABLE_STRICT_OBJC_MSGSEND = YES;
				GCC_C_LANGUAGE_STANDARD = gnu99;
				GCC_NO_COMMON_BLOCKS = YES;
				GCC_WARN_64_TO_32_BIT_CONVERSION = YES;
				GCC_WARN_ABOUT_RETURN_TYPE = YES_ERROR;
				GCC_WARN_UNDECLARED_SELECTOR = YES;
				GCC_WARN_UNINITIALIZED_AUTOS = YES_AGGRESSIVE;
				GCC_WARN_UNUSED_FUNCTION = YES;
				GCC_WARN_UNUSED_VARIABLE = YES;
				IPHONEOS_DEPLOYMENT_TARGET = 8.4;
				MTL_ENABLE_DEBUG_INFO = NO;
				SDKROOT = iphoneos;
				VALIDATE_PRODUCT = YES;
			};
			name = Release;
		};
		C54F8AE01BD94D5A00CE7B3A /* Debug */ = {
			isa = XCBuildConfiguration;
			buildSettings = {
				ASSETCATALOG_COMPILER_APPICON_NAME = AppIcon;
				ASSETCATALOG_COMPILER_LAUNCHIMAGE_NAME = LaunchImage;
				FRAMEWORK_SEARCH_PATHS = (
					"$(inherited)",
					"$(PROJECT_DIR)",
				);
				HEADER_SEARCH_PATHS = (
					"$(inherited)",
					/Applications/Xcode.app/Contents/Developer/Toolchains/XcodeDefault.xctoolchain/usr/include,
					"/Users/Lucie/Documents/PistusApp_iOS/OAuth2Client/**",
				);
				INFOPLIST_FILE = PistusApp/Info.plist;
				IPHONEOS_DEPLOYMENT_TARGET = 7.0;
				LD_RUNPATH_SEARCH_PATHS = "$(inherited) @executable_path/Frameworks";
				OTHER_LDFLAGS = "-ObjC";
				PRODUCT_NAME = "$(TARGET_NAME)";
				TARGETED_DEVICE_FAMILY = 1;
			};
			name = Debug;
		};
		C54F8AE11BD94D5A00CE7B3A /* Release */ = {
			isa = XCBuildConfiguration;
			buildSettings = {
				ASSETCATALOG_COMPILER_APPICON_NAME = AppIcon;
				ASSETCATALOG_COMPILER_LAUNCHIMAGE_NAME = LaunchImage;
				FRAMEWORK_SEARCH_PATHS = (
					"$(inherited)",
					"$(PROJECT_DIR)",
				);
				HEADER_SEARCH_PATHS = (
					"$(inherited)",
					/Applications/Xcode.app/Contents/Developer/Toolchains/XcodeDefault.xctoolchain/usr/include,
					"/Users/Lucie/Documents/PistusApp_iOS/OAuth2Client/**",
				);
				INFOPLIST_FILE = PistusApp/Info.plist;
				IPHONEOS_DEPLOYMENT_TARGET = 7.0;
				LD_RUNPATH_SEARCH_PATHS = "$(inherited) @executable_path/Frameworks";
				OTHER_LDFLAGS = "-ObjC";
				PRODUCT_NAME = "$(TARGET_NAME)";
				TARGETED_DEVICE_FAMILY = 1;
			};
			name = Release;
		};
		C54F8AE31BD94D5A00CE7B3A /* Debug */ = {
			isa = XCBuildConfiguration;
			buildSettings = {
				BUNDLE_LOADER = "$(TEST_HOST)";
				FRAMEWORK_SEARCH_PATHS = (
					"$(SDKROOT)/Developer/Library/Frameworks",
					"$(inherited)",
				);
				GCC_PREPROCESSOR_DEFINITIONS = (
					"DEBUG=1",
					"$(inherited)",
				);
				INFOPLIST_FILE = PistusAppTests/Info.plist;
				LD_RUNPATH_SEARCH_PATHS = "$(inherited) @executable_path/Frameworks @loader_path/Frameworks";
				PRODUCT_NAME = "$(TARGET_NAME)";
				TEST_HOST = "$(BUILT_PRODUCTS_DIR)/PistusApp.app/PistusApp";
			};
			name = Debug;
		};
		C54F8AE41BD94D5A00CE7B3A /* Release */ = {
			isa = XCBuildConfiguration;
			buildSettings = {
				BUNDLE_LOADER = "$(TEST_HOST)";
				FRAMEWORK_SEARCH_PATHS = (
					"$(SDKROOT)/Developer/Library/Frameworks",
					"$(inherited)",
				);
				INFOPLIST_FILE = PistusAppTests/Info.plist;
				LD_RUNPATH_SEARCH_PATHS = "$(inherited) @executable_path/Frameworks @loader_path/Frameworks";
				PRODUCT_NAME = "$(TARGET_NAME)";
				TEST_HOST = "$(BUILT_PRODUCTS_DIR)/PistusApp.app/PistusApp";
			};
			name = Release;
		};
/* End XCBuildConfiguration section */

/* Begin XCConfigurationList section */
		C54F8AB71BD94D5A00CE7B3A /* Build configuration list for PBXProject "PistusApp" */ = {
			isa = XCConfigurationList;
			buildConfigurations = (
				C54F8ADD1BD94D5A00CE7B3A /* Debug */,
				C54F8ADE1BD94D5A00CE7B3A /* Release */,
			);
			defaultConfigurationIsVisible = 0;
			defaultConfigurationName = Release;
		};
		C54F8ADF1BD94D5A00CE7B3A /* Build configuration list for PBXNativeTarget "PistusApp" */ = {
			isa = XCConfigurationList;
			buildConfigurations = (
				C54F8AE01BD94D5A00CE7B3A /* Debug */,
				C54F8AE11BD94D5A00CE7B3A /* Release */,
			);
			defaultConfigurationIsVisible = 0;
			defaultConfigurationName = Release;
		};
		C54F8AE21BD94D5A00CE7B3A /* Build configuration list for PBXNativeTarget "PistusAppTests" */ = {
			isa = XCConfigurationList;
			buildConfigurations = (
				C54F8AE31BD94D5A00CE7B3A /* Debug */,
				C54F8AE41BD94D5A00CE7B3A /* Release */,
			);
			defaultConfigurationIsVisible = 0;
			defaultConfigurationName = Release;
		};
/* End XCConfigurationList section */
	};
	rootObject = C54F8AB41BD94D5A00CE7B3A /* Project object */;
}
